
Microsoft Visual Studio Solution File, Format Version 12.00
Project("{FAE04EC0-301F-11D3-BF4B-00C04F79EFBC}") = "QTip", "QTip\QTip.csproj", "{1395AA7A-86A1-46EF-8238-2DC001FE0D88}"
EndProject
Project("{FAE04EC0-301F-11D3-BF4B-00C04F79EFBC}") = "QTip.Tests", "QTip.Tests\QTip.Tests.csproj", "{5024D769-E1E2-47F1-B621-66719F7C65A3}"
EndProject
Global
	GlobalSection(SolutionConfigurationPlatforms) = preSolution
		Debug|Any CPU = Debug|Any CPU
		Debug|x64 = Debug|x64
		Debug|x86 = Debug|x86
		Release|Any CPU = Release|Any CPU
		Release|x64 = Release|x64
		Release|x86 = Release|x86
	EndGlobalSection
	GlobalSection(ProjectConfigurationPlatforms) = postSolution
		{1395AA7A-86A1-46EF-8238-2DC001FE0D88}.Debug|Any CPU.ActiveCfg = Debug|Any CPU
		{1395AA7A-86A1-46EF-8238-2DC001FE0D88}.Debug|Any CPU.Build.0 = Debug|Any CPU
		{1395AA7A-86A1-46EF-8238-2DC001FE0D88}.Debug|x64.ActiveCfg = Debug|Any CPU
		{1395AA7A-86A1-46EF-8238-2DC001FE0D88}.Debug|x64.Build.0 = Debug|Any CPU
		{1395AA7A-86A1-46EF-8238-2DC001FE0D88}.Debug|x86.ActiveCfg = Debug|Any CPU
		{1395AA7A-86A1-46EF-8238-2DC001FE0D88}.Debug|x86.Build.0 = Debug|Any CPU
		{1395AA7A-86A1-46EF-8238-2DC001FE0D88}.Release|Any CPU.ActiveCfg = Release|Any CPU
		{1395AA7A-86A1-46EF-8238-2DC001FE0D88}.Release|Any CPU.Build.0 = Release|Any CPU
		{1395AA7A-86A1-46EF-8238-2DC001FE0D88}.Release|x64.ActiveCfg = Release|Any CPU
		{1395AA7A-86A1-46EF-8238-2DC001FE0D88}.Release|x64.Build.0 = Release|Any CPU
		{1395AA7A-86A1-46EF-8238-2DC001FE0D88}.Release|x86.ActiveCfg = Release|Any CPU
		{1395AA7A-86A1-46EF-8238-2DC001FE0D88}.Release|x86.Build.0 = Release|Any CPU
		{5024D769-E1E2-47F1-B621-66719F7C65A3}.Debug|Any CPU.ActiveCfg = Debug|Any CPU
		{5024D769-E1E2-47F1-B621-66719F7C65A3}.Debug|Any CPU.Build.0 = Debug|Any CPU
		{5024D769-E1E2-47F1-B621-66719F7C65A3}.Debug|x64.ActiveCfg = Debug|Any CPU
		{5024D769-E1E2-47F1-B621-66719F7C65A3}.Debug|x64.Build.0 = Debug|Any CPU
		{5024D769-E1E2-47F1-B621-66719F7C65A3}.Debug|x86.ActiveCfg = Debug|Any CPU
		{5024D769-E1E2-47F1-B621-66719F7C65A3}.Debug|x86.Build.0 = Debug|Any CPU
		{5024D769-E1E2-47F1-B621-66719F7C65A3}.Release|Any CPU.ActiveCfg = Release|Any CPU
		{5024D769-E1E2-47F1-B621-66719F7C65A3}.Release|Any CPU.Build.0 = Release|Any CPU
		{5024D769-E1E2-47F1-B621-66719F7C65A3}.Release|x64.ActiveCfg = Release|Any CPU
		{5024D769-E1E2-47F1-B621-66719F7C65A3}.Release|x64.Build.0 = Release|Any CPU
		{5024D769-E1E2-47F1-B621-66719F7C65A3}.Release|x86.ActiveCfg = Release|Any CPU
		{5024D769-E1E2-47F1-B621-66719F7C65A3}.Release|x86.Build.0 = Release|Any CPU
	EndGlobalSection
	GlobalSection(SolutionProperties) = preSolution
		HideSolutionNode = FALSE
	EndGlobalSection
EndGlobal
